
Microsoft Visual Studio Solution File, Format Version 12.00
# Visual Studio 15
VisualStudioVersion = 15.0.28307.106
MinimumVisualStudioVersion = 10.0.40219.1
Project("{FAE04EC0-301F-11D3-BF4B-00C04F79EFBC}") = "Splash_Screen", "Splash_Screen\Splash_Screen.csproj", "{2F4A875A-C659-4E70-9F15-58381EE6FD8B}"
EndProject
Global
	GlobalSection(SolutionConfigurationPlatforms) = preSolution
		Debug|Any CPU = Debug|Any CPU
		Release|Any CPU = Release|Any CPU
	EndGlobalSection
	GlobalSection(ProjectConfigurationPlatforms) = postSolution
		{2F4A875A-C659-4E70-9F15-58381EE6FD8B}.Debug|Any CPU.ActiveCfg = Debug|Any CPU
		{2F4A875A-C659-4E70-9F15-58381EE6FD8B}.Debug|Any CPU.Build.0 = Debug|Any CPU
		{2F4A875A-C659-4E70-9F15-58381EE6FD8B}.Release|Any CPU.ActiveCfg = Release|Any CPU
		{2F4A875A-C659-4E70-9F15-58381EE6FD8B}.Release|Any CPU.Build.0 = Release|Any CPU
	EndGlobalSection
	GlobalSection(SolutionProperties) = preSolution
		HideSolutionNode = FALSE
	EndGlobalSection
	GlobalSection(ExtensibilityGlobals) = postSolution
		SolutionGuid = {11583DFB-C3C7-478F-BEEF-C6F69BE47B46}
	EndGlobalSection
EndGlobal
