
Microsoft Visual Studio Solution File, Format Version 12.00
# Visual Studio 15
VisualStudioVersion = 15.0.28307.106
MinimumVisualStudioVersion = 10.0.40219.1
Project("{FAE04EC0-301F-11D3-BF4B-00C04F79EFBC}") = "Tratamento_Erros", "Tratamento_Erros\Tratamento_Erros.csproj", "{730796B4-36A4-46F0-A550-65B5983C1327}"
EndProject
Global
	GlobalSection(SolutionConfigurationPlatforms) = preSolution
		Debug|Any CPU = Debug|Any CPU
		Release|Any CPU = Release|Any CPU
	EndGlobalSection
	GlobalSection(ProjectConfigurationPlatforms) = postSolution
		{730796B4-36A4-46F0-A550-65B5983C1327}.Debug|Any CPU.ActiveCfg = Debug|Any CPU
		{730796B4-36A4-46F0-A550-65B5983C1327}.Debug|Any CPU.Build.0 = Debug|Any CPU
		{730796B4-36A4-46F0-A550-65B5983C1327}.Release|Any CPU.ActiveCfg = Release|Any CPU
		{730796B4-36A4-46F0-A550-65B5983C1327}.Release|Any CPU.Build.0 = Release|Any CPU
	EndGlobalSection
	GlobalSection(SolutionProperties) = preSolution
		HideSolutionNode = FALSE
	EndGlobalSection
	GlobalSection(ExtensibilityGlobals) = postSolution
		SolutionGuid = {9A5F78D0-BE84-4876-B164-08BE74D0EDD0}
	EndGlobalSection
EndGlobal
