
Microsoft Visual Studio Solution File, Format Version 12.00
# Visual Studio 15
VisualStudioVersion = 15.0.28307.106
MinimumVisualStudioVersion = 10.0.40219.1
Project("{FAE04EC0-301F-11D3-BF4B-00C04F79EFBC}") = "Condicao_If", "Condicao_If\Condicao_If.csproj", "{8492598B-2D31-4D5B-9827-77CFBC641468}"
EndProject
Global
	GlobalSection(SolutionConfigurationPlatforms) = preSolution
		Debug|Any CPU = Debug|Any CPU
		Release|Any CPU = Release|Any CPU
	EndGlobalSection
	GlobalSection(ProjectConfigurationPlatforms) = postSolution
		{8492598B-2D31-4D5B-9827-77CFBC641468}.Debug|Any CPU.ActiveCfg = Debug|Any CPU
		{8492598B-2D31-4D5B-9827-77CFBC641468}.Debug|Any CPU.Build.0 = Debug|Any CPU
		{8492598B-2D31-4D5B-9827-77CFBC641468}.Release|Any CPU.ActiveCfg = Release|Any CPU
		{8492598B-2D31-4D5B-9827-77CFBC641468}.Release|Any CPU.Build.0 = Release|Any CPU
	EndGlobalSection
	GlobalSection(SolutionProperties) = preSolution
		HideSolutionNode = FALSE
	EndGlobalSection
	GlobalSection(ExtensibilityGlobals) = postSolution
		SolutionGuid = {33AEBB0D-42AF-400F-B546-653BE8D61285}
	EndGlobalSection
EndGlobal
