
Microsoft Visual Studio Solution File, Format Version 12.00
# Visual Studio 15
VisualStudioVersion = 15.0.28307.106
MinimumVisualStudioVersion = 10.0.40219.1
Project("{FAE04EC0-301F-11D3-BF4B-00C04F79EFBC}") = "Helloworld_console", "Helloworld_console\Helloworld_console.csproj", "{1463A061-E99C-4109-8190-C97507912640}"
EndProject
Global
	GlobalSection(SolutionConfigurationPlatforms) = preSolution
		Debug|Any CPU = Debug|Any CPU
		Release|Any CPU = Release|Any CPU
	EndGlobalSection
	GlobalSection(ProjectConfigurationPlatforms) = postSolution
		{1463A061-E99C-4109-8190-C97507912640}.Debug|Any CPU.ActiveCfg = Debug|Any CPU
		{1463A061-E99C-4109-8190-C97507912640}.Debug|Any CPU.Build.0 = Debug|Any CPU
		{1463A061-E99C-4109-8190-C97507912640}.Release|Any CPU.ActiveCfg = Release|Any CPU
		{1463A061-E99C-4109-8190-C97507912640}.Release|Any CPU.Build.0 = Release|Any CPU
	EndGlobalSection
	GlobalSection(SolutionProperties) = preSolution
		HideSolutionNode = FALSE
	EndGlobalSection
	GlobalSection(ExtensibilityGlobals) = postSolution
		SolutionGuid = {304B5DFC-7680-4B04-963D-17DCA9888E27}
	EndGlobalSection
EndGlobal
